
Microsoft Visual Studio Solution File, Format Version 12.00
# Visual Studio Version 17
VisualStudioVersion = 17.12.35707.178 d17.12
MinimumVisualStudioVersion = 10.0.40219.1
Project("{FAE04EC0-301F-11D3-BF4B-00C04F79EFBC}") = "AdvancedAnalyzer", "AdvancedAnalyzer\AdvancedAnalyzer.csproj", "{C6A65512-250D-4268-A1F6-34B13C99D971}"
EndProject
Project("{FAE04EC0-301F-11D3-BF4B-00C04F79EFBC}") = "AdvancedAnalyzer.CodeFixes", "AdvancedAnalyzer.CodeFixes\AdvancedAnalyzer.CodeFixes.csproj", "{4769DF22-1C41-4F45-A049-54475F6E5F87}"
EndProject
Project("{FAE04EC0-301F-11D3-BF4B-00C04F79EFBC}") = "AdvancedAnalyzer.Package", "AdvancedAnalyzer.Package\AdvancedAnalyzer.Package.csproj", "{AC6ACB4F-2DB4-447E-98AF-ED24C77668A7}"
EndProject
Project("{FAE04EC0-301F-11D3-BF4B-00C04F79EFBC}") = "AdvancedAnalyzer.Test", "AdvancedAnalyzer.Test\AdvancedAnalyzer.Test.csproj", "{2E8D9F86-69CE-4A33-8ED2-AB7B0C481486}"
EndProject
Project("{FAE04EC0-301F-11D3-BF4B-00C04F79EFBC}") = "AdvancedAnalyzer.Vsix", "AdvancedAnalyzer.Vsix\AdvancedAnalyzer.Vsix.csproj", "{03DE02E4-2898-42B7-98D2-DACF952E713A}"
EndProject
Global
	GlobalSection(SolutionConfigurationPlatforms) = preSolution
		Debug|Any CPU = Debug|Any CPU
		Release|Any CPU = Release|Any CPU
	EndGlobalSection
	GlobalSection(ProjectConfigurationPlatforms) = postSolution
		{C6A65512-250D-4268-A1F6-34B13C99D971}.Debug|Any CPU.ActiveCfg = Debug|Any CPU
		{C6A65512-250D-4268-A1F6-34B13C99D971}.Debug|Any CPU.Build.0 = Debug|Any CPU
		{C6A65512-250D-4268-A1F6-34B13C99D971}.Release|Any CPU.ActiveCfg = Release|Any CPU
		{C6A65512-250D-4268-A1F6-34B13C99D971}.Release|Any CPU.Build.0 = Release|Any CPU
		{4769DF22-1C41-4F45-A049-54475F6E5F87}.Debug|Any CPU.ActiveCfg = Debug|Any CPU
		{4769DF22-1C41-4F45-A049-54475F6E5F87}.Debug|Any CPU.Build.0 = Debug|Any CPU
		{4769DF22-1C41-4F45-A049-54475F6E5F87}.Release|Any CPU.ActiveCfg = Release|Any CPU
		{4769DF22-1C41-4F45-A049-54475F6E5F87}.Release|Any CPU.Build.0 = Release|Any CPU
		{AC6ACB4F-2DB4-447E-98AF-ED24C77668A7}.Debug|Any CPU.ActiveCfg = Debug|Any CPU
		{AC6ACB4F-2DB4-447E-98AF-ED24C77668A7}.Debug|Any CPU.Build.0 = Debug|Any CPU
		{AC6ACB4F-2DB4-447E-98AF-ED24C77668A7}.Release|Any CPU.ActiveCfg = Release|Any CPU
		{AC6ACB4F-2DB4-447E-98AF-ED24C77668A7}.Release|Any CPU.Build.0 = Release|Any CPU
		{2E8D9F86-69CE-4A33-8ED2-AB7B0C481486}.Debug|Any CPU.ActiveCfg = Debug|Any CPU
		{2E8D9F86-69CE-4A33-8ED2-AB7B0C481486}.Debug|Any CPU.Build.0 = Debug|Any CPU
		{2E8D9F86-69CE-4A33-8ED2-AB7B0C481486}.Release|Any CPU.ActiveCfg = Release|Any CPU
		{2E8D9F86-69CE-4A33-8ED2-AB7B0C481486}.Release|Any CPU.Build.0 = Release|Any CPU
		{03DE02E4-2898-42B7-98D2-DACF952E713A}.Debug|Any CPU.ActiveCfg = Debug|Any CPU
		{03DE02E4-2898-42B7-98D2-DACF952E713A}.Debug|Any CPU.Build.0 = Debug|Any CPU
		{03DE02E4-2898-42B7-98D2-DACF952E713A}.Release|Any CPU.ActiveCfg = Release|Any CPU
		{03DE02E4-2898-42B7-98D2-DACF952E713A}.Release|Any CPU.Build.0 = Release|Any CPU
	EndGlobalSection
	GlobalSection(SolutionProperties) = preSolution
		HideSolutionNode = FALSE
	EndGlobalSection
EndGlobal
