
Microsoft Visual Studio Solution File, Format Version 12.00
# Visual Studio Version 17
VisualStudioVersion = 17.9.34728.123
MinimumVisualStudioVersion = 10.0.40219.1
Project("{2150E333-8FDC-42A3-9474-1A3956D46DE8}") = "src", "src", "{B41A3944-F1D0-4A1D-A690-E055D891A6B2}"
EndProject
Project("{2150E333-8FDC-42A3-9474-1A3956D46DE8}") = "Services", "Services", "{C8A79E40-0E60-4538-BDBC-235DCD02803A}"
EndProject
Project("{2150E333-8FDC-42A3-9474-1A3956D46DE8}") = "ApiGateway", "ApiGateway", "{81080FBE-DDB3-4B19-B612-0912E8CAD39A}"
EndProject
Project("{2150E333-8FDC-42A3-9474-1A3956D46DE8}") = "Ordering", "Ordering", "{4FC5178E-7F7A-45F6-AEF2-C60B93C43370}"
EndProject
Project("{2150E333-8FDC-42A3-9474-1A3956D46DE8}") = "Payment", "Payment", "{A22D4DEA-9420-45B8-95AC-F536DF085C1D}"
EndProject
Project("{2150E333-8FDC-42A3-9474-1A3956D46DE8}") = "Identity", "Identity", "{F61F0F79-F4CE-467A-9556-2162FDF8DEB7}"
EndProject
Project("{2150E333-8FDC-42A3-9474-1A3956D46DE8}") = "Product", "Product", "{E1FC4706-5008-4932-8F44-03E49B512AEA}"
EndProject
Project("{2150E333-8FDC-42A3-9474-1A3956D46DE8}") = "Cart", "Cart", "{636ECF44-3F1C-4969-942B-8DC6C56CCBA3}"
EndProject
Project("{9A19103F-16F7-4668-BE54-9A1E7A4F7556}") = "Cart.Infrastructure", "src\Services\Cart\Cart.Infrastructure\Cart.Infrastructure.csproj", "{13E600E1-BA61-462C-90C4-5B582B3CC492}"
EndProject
Project("{9A19103F-16F7-4668-BE54-9A1E7A4F7556}") = "Cart.Api", "src\Services\Cart\Cart.Api\Cart.Api.csproj", "{EE816516-D71C-4BB1-9A7A-7909CAA5A690}"
EndProject
Project("{9A19103F-16F7-4668-BE54-9A1E7A4F7556}") = "Cart.Test", "src\Services\Cart\Cart.Test\Cart.Test.csproj", "{1701D36C-C290-4903-B0A4-074530CB4217}"
EndProject
Project("{9A19103F-16F7-4668-BE54-9A1E7A4F7556}") = "Identity.Api", "src\Services\Identity\Identity.Api\Identity.Api.csproj", "{48500AEE-51A6-4FF9-80D7-E3AF2A2B4027}"
EndProject
Project("{9A19103F-16F7-4668-BE54-9A1E7A4F7556}") = "Identity.Domain", "src\Services\Identity\Identity.Domain\Identity.Domain.csproj", "{93004877-7C61-4E94-9203-D65EF0D6C4E2}"
EndProject
Project("{9A19103F-16F7-4668-BE54-9A1E7A4F7556}") = "Identity.Test", "src\Services\Identity\Identity.Test\Identity.Test.csproj", "{F7AF4BD3-1142-4A4D-B9A3-7607BDAFC5AE}"
EndProject
Project("{9A19103F-16F7-4668-BE54-9A1E7A4F7556}") = "Identity.Infrastructure", "src\Services\Identity\Identity.Infrastructure\Identity.Infrastructure.csproj", "{7C5ECEA0-6AC0-413D-BDA5-B080A39B24FC}"
EndProject
Project("{9A19103F-16F7-4668-BE54-9A1E7A4F7556}") = "Product.Api", "src\Services\Product\Product.Api\Product.Api.csproj", "{EFFBBEC7-01A6-4569-A7CC-75E6175AE3EC}"
EndProject
Project("{9A19103F-16F7-4668-BE54-9A1E7A4F7556}") = "Product.Domain", "src\Services\Product\Product.Domain\Product.Domain.csproj", "{E6B8E841-8813-4F1B-AE70-8BB5B949FBF5}"
EndProject
Project("{9A19103F-16F7-4668-BE54-9A1E7A4F7556}") = "Product.Infrastructure", "src\Services\Product\Product.Infrastructure\Product.Infrastructure.csproj", "{5552D2C4-A29A-463C-A060-F10B41C5409E}"
EndProject
Project("{9A19103F-16F7-4668-BE54-9A1E7A4F7556}") = "Product.Test", "src\Services\Product\Product.Test\Product.Test.csproj", "{48B273F4-7989-4903-B90A-DE6F9D029CC5}"
EndProject
Project("{9A19103F-16F7-4668-BE54-9A1E7A4F7556}") = "Cart.Domain", "src\Services\Cart\Cart.Domain\Cart.Domain.csproj", "{3749F238-78C9-4387-9F45-9C3555156EF5}"
EndProject
Project("{9A19103F-16F7-4668-BE54-9A1E7A4F7556}") = "Ordering.Api", "src\Services\Ordering\Ordering.Api\Ordering.Api.csproj", "{245701F4-B26E-478E-94D8-2426B97EED07}"
EndProject
Project("{9A19103F-16F7-4668-BE54-9A1E7A4F7556}") = "Ordering.Domain", "src\Services\Ordering\Ordering.Domain\Ordering.Domain.csproj", "{E8C941BD-7924-4FD5-9A27-9887D52D744D}"
EndProject
Project("{9A19103F-16F7-4668-BE54-9A1E7A4F7556}") = "Ordering.Infrastructure", "src\Services\Ordering\Ordering.Infrastructure\Ordering.Infrastructure.csproj", "{D90A62E0-D8D9-4144-A72E-1DD977080946}"
EndProject
Project("{9A19103F-16F7-4668-BE54-9A1E7A4F7556}") = "Payment.Api", "src\Services\Payment\Payment.Api\Payment.Api.csproj", "{D20D432B-D632-4FF4-8E0E-02432E7E60F0}"
EndProject
Project("{9A19103F-16F7-4668-BE54-9A1E7A4F7556}") = "Payment.Domain", "src\Services\Payment\Payment.Domain\Payment.Domain.csproj", "{F4C622D4-71FF-45E7-AB1A-B9FCB0C98319}"
EndProject
Project("{9A19103F-16F7-4668-BE54-9A1E7A4F7556}") = "Payment.Infrastructure", "src\Services\Payment\Payment.Infrastructure\Payment.Infrastructure.csproj", "{DFDFC21A-3035-449C-896B-0FA125B36312}"
EndProject
Project("{9A19103F-16F7-4668-BE54-9A1E7A4F7556}") = "OcelotGateway", "src\ApiGateway\OcelotGateway\OcelotGateway.csproj", "{89804D88-A8A2-4792-9EAB-D5781953EF80}"
EndProject
Project("{2150E333-8FDC-42A3-9474-1A3956D46DE8}") = "EventBus", "EventBus", "{A513DA60-195E-4D70-8092-83F6E8839776}"
EndProject
Project("{9A19103F-16F7-4668-BE54-9A1E7A4F7556}") = "EventBus.RabbitMQ", "src\EventBus\EventBus.RabbitMQ\EventBus.RabbitMQ.csproj", "{4970C651-F019-46E4-88ED-B544062DFAEE}"
EndProject
Project("{9A19103F-16F7-4668-BE54-9A1E7A4F7556}") = "Product.EventBus", "src\Services\Product\Product.EventBus\Product.EventBus.csproj", "{F1091905-1314-4469-8DD1-40AA12B7A88E}"
EndProject
Project("{9A19103F-16F7-4668-BE54-9A1E7A4F7556}") = "Cart.EventBus", "src\Services\Cart\Cart.EventBus\Cart.EventBus.csproj", "{509F56B5-2ED5-4D75-8D5F-6A538E5C9ADF}"
EndProject
Project("{9A19103F-16F7-4668-BE54-9A1E7A4F7556}") = "Shared", "src\Services\Shared\Shared.csproj", "{AD39DA57-6A0B-497F-B367-4798C641DB8F}"
EndProject
Project("{9A19103F-16F7-4668-BE54-9A1E7A4F7556}") = "Shared.Domain", "src\Services\Shared.Domain\Shared.Domain.csproj", "{83697108-1B5B-4944-A8B6-710D33191077}"
EndProject
Project("{9A19103F-16F7-4668-BE54-9A1E7A4F7556}") = "Shared.Infrastructure", "src\Services\Shared.Infrastructure\Shared.Infrastructure.csproj", "{B744A7A0-63C6-4EE9-9510-5E471328293A}"
EndProject
Project("{2150E333-8FDC-42A3-9474-1A3956D46DE8}") = "Solution Items", "Solution Items", "{D4597A61-C6F9-4FB7-9DB4-88B47DBD01D2}"
	ProjectSection(SolutionItems) = preProject
		.editorconfig = .editorconfig
	EndProjectSection
EndProject
Global
	GlobalSection(SolutionConfigurationPlatforms) = preSolution
		Debug|Any CPU = Debug|Any CPU
		Release|Any CPU = Release|Any CPU
	EndGlobalSection
	GlobalSection(ProjectConfigurationPlatforms) = postSolution
		{13E600E1-BA61-462C-90C4-5B582B3CC492}.Debug|Any CPU.ActiveCfg = Debug|Any CPU
		{13E600E1-BA61-462C-90C4-5B582B3CC492}.Debug|Any CPU.Build.0 = Debug|Any CPU
		{13E600E1-BA61-462C-90C4-5B582B3CC492}.Release|Any CPU.ActiveCfg = Release|Any CPU
		{13E600E1-BA61-462C-90C4-5B582B3CC492}.Release|Any CPU.Build.0 = Release|Any CPU
		{EE816516-D71C-4BB1-9A7A-7909CAA5A690}.Debug|Any CPU.ActiveCfg = Debug|Any CPU
		{EE816516-D71C-4BB1-9A7A-7909CAA5A690}.Debug|Any CPU.Build.0 = Debug|Any CPU
		{EE816516-D71C-4BB1-9A7A-7909CAA5A690}.Release|Any CPU.ActiveCfg = Release|Any CPU
		{EE816516-D71C-4BB1-9A7A-7909CAA5A690}.Release|Any CPU.Build.0 = Release|Any CPU
		{1701D36C-C290-4903-B0A4-074530CB4217}.Debug|Any CPU.ActiveCfg = Debug|Any CPU
		{1701D36C-C290-4903-B0A4-074530CB4217}.Debug|Any CPU.Build.0 = Debug|Any CPU
		{1701D36C-C290-4903-B0A4-074530CB4217}.Release|Any CPU.ActiveCfg = Release|Any CPU
		{1701D36C-C290-4903-B0A4-074530CB4217}.Release|Any CPU.Build.0 = Release|Any CPU
		{48500AEE-51A6-4FF9-80D7-E3AF2A2B4027}.Debug|Any CPU.ActiveCfg = Debug|Any CPU
		{48500AEE-51A6-4FF9-80D7-E3AF2A2B4027}.Debug|Any CPU.Build.0 = Debug|Any CPU
		{48500AEE-51A6-4FF9-80D7-E3AF2A2B4027}.Release|Any CPU.ActiveCfg = Release|Any CPU
		{48500AEE-51A6-4FF9-80D7-E3AF2A2B4027}.Release|Any CPU.Build.0 = Release|Any CPU
		{93004877-7C61-4E94-9203-D65EF0D6C4E2}.Debug|Any CPU.ActiveCfg = Debug|Any CPU
		{93004877-7C61-4E94-9203-D65EF0D6C4E2}.Debug|Any CPU.Build.0 = Debug|Any CPU
		{93004877-7C61-4E94-9203-D65EF0D6C4E2}.Release|Any CPU.ActiveCfg = Release|Any CPU
		{93004877-7C61-4E94-9203-D65EF0D6C4E2}.Release|Any CPU.Build.0 = Release|Any CPU
		{F7AF4BD3-1142-4A4D-B9A3-7607BDAFC5AE}.Debug|Any CPU.ActiveCfg = Debug|Any CPU
		{F7AF4BD3-1142-4A4D-B9A3-7607BDAFC5AE}.Debug|Any CPU.Build.0 = Debug|Any CPU
		{F7AF4BD3-1142-4A4D-B9A3-7607BDAFC5AE}.Release|Any CPU.ActiveCfg = Release|Any CPU
		{F7AF4BD3-1142-4A4D-B9A3-7607BDAFC5AE}.Release|Any CPU.Build.0 = Release|Any CPU
		{7C5ECEA0-6AC0-413D-BDA5-B080A39B24FC}.Debug|Any CPU.ActiveCfg = Debug|Any CPU
		{7C5ECEA0-6AC0-413D-BDA5-B080A39B24FC}.Debug|Any CPU.Build.0 = Debug|Any CPU
		{7C5ECEA0-6AC0-413D-BDA5-B080A39B24FC}.Release|Any CPU.ActiveCfg = Release|Any CPU
		{7C5ECEA0-6AC0-413D-BDA5-B080A39B24FC}.Release|Any CPU.Build.0 = Release|Any CPU
		{EFFBBEC7-01A6-4569-A7CC-75E6175AE3EC}.Debug|Any CPU.ActiveCfg = Debug|Any CPU
		{EFFBBEC7-01A6-4569-A7CC-75E6175AE3EC}.Debug|Any CPU.Build.0 = Debug|Any CPU
		{EFFBBEC7-01A6-4569-A7CC-75E6175AE3EC}.Release|Any CPU.ActiveCfg = Release|Any CPU
		{EFFBBEC7-01A6-4569-A7CC-75E6175AE3EC}.Release|Any CPU.Build.0 = Release|Any CPU
		{E6B8E841-8813-4F1B-AE70-8BB5B949FBF5}.Debug|Any CPU.ActiveCfg = Debug|Any CPU
		{E6B8E841-8813-4F1B-AE70-8BB5B949FBF5}.Debug|Any CPU.Build.0 = Debug|Any CPU
		{E6B8E841-8813-4F1B-AE70-8BB5B949FBF5}.Release|Any CPU.ActiveCfg = Release|Any CPU
		{E6B8E841-8813-4F1B-AE70-8BB5B949FBF5}.Release|Any CPU.Build.0 = Release|Any CPU
		{5552D2C4-A29A-463C-A060-F10B41C5409E}.Debug|Any CPU.ActiveCfg = Debug|Any CPU
		{5552D2C4-A29A-463C-A060-F10B41C5409E}.Debug|Any CPU.Build.0 = Debug|Any CPU
		{5552D2C4-A29A-463C-A060-F10B41C5409E}.Release|Any CPU.ActiveCfg = Release|Any CPU
		{5552D2C4-A29A-463C-A060-F10B41C5409E}.Release|Any CPU.Build.0 = Release|Any CPU
		{48B273F4-7989-4903-B90A-DE6F9D029CC5}.Debug|Any CPU.ActiveCfg = Debug|Any CPU
		{48B273F4-7989-4903-B90A-DE6F9D029CC5}.Debug|Any CPU.Build.0 = Debug|Any CPU
		{48B273F4-7989-4903-B90A-DE6F9D029CC5}.Release|Any CPU.ActiveCfg = Release|Any CPU
		{48B273F4-7989-4903-B90A-DE6F9D029CC5}.Release|Any CPU.Build.0 = Release|Any CPU
		{3749F238-78C9-4387-9F45-9C3555156EF5}.Debug|Any CPU.ActiveCfg = Debug|Any CPU
		{3749F238-78C9-4387-9F45-9C3555156EF5}.Debug|Any CPU.Build.0 = Debug|Any CPU
		{3749F238-78C9-4387-9F45-9C3555156EF5}.Release|Any CPU.ActiveCfg = Release|Any CPU
		{3749F238-78C9-4387-9F45-9C3555156EF5}.Release|Any CPU.Build.0 = Release|Any CPU
		{245701F4-B26E-478E-94D8-2426B97EED07}.Debug|Any CPU.ActiveCfg = Debug|Any CPU
		{245701F4-B26E-478E-94D8-2426B97EED07}.Debug|Any CPU.Build.0 = Debug|Any CPU
		{245701F4-B26E-478E-94D8-2426B97EED07}.Release|Any CPU.ActiveCfg = Release|Any CPU
		{245701F4-B26E-478E-94D8-2426B97EED07}.Release|Any CPU.Build.0 = Release|Any CPU
		{E8C941BD-7924-4FD5-9A27-9887D52D744D}.Debug|Any CPU.ActiveCfg = Debug|Any CPU
		{E8C941BD-7924-4FD5-9A27-9887D52D744D}.Debug|Any CPU.Build.0 = Debug|Any CPU
		{E8C941BD-7924-4FD5-9A27-9887D52D744D}.Release|Any CPU.ActiveCfg = Release|Any CPU
		{E8C941BD-7924-4FD5-9A27-9887D52D744D}.Release|Any CPU.Build.0 = Release|Any CPU
		{D90A62E0-D8D9-4144-A72E-1DD977080946}.Debug|Any CPU.ActiveCfg = Debug|Any CPU
		{D90A62E0-D8D9-4144-A72E-1DD977080946}.Debug|Any CPU.Build.0 = Debug|Any CPU
		{D90A62E0-D8D9-4144-A72E-1DD977080946}.Release|Any CPU.ActiveCfg = Release|Any CPU
		{D90A62E0-D8D9-4144-A72E-1DD977080946}.Release|Any CPU.Build.0 = Release|Any CPU
		{D20D432B-D632-4FF4-8E0E-02432E7E60F0}.Debug|Any CPU.ActiveCfg = Debug|Any CPU
		{D20D432B-D632-4FF4-8E0E-02432E7E60F0}.Debug|Any CPU.Build.0 = Debug|Any CPU
		{D20D432B-D632-4FF4-8E0E-02432E7E60F0}.Release|Any CPU.ActiveCfg = Release|Any CPU
		{D20D432B-D632-4FF4-8E0E-02432E7E60F0}.Release|Any CPU.Build.0 = Release|Any CPU
		{F4C622D4-71FF-45E7-AB1A-B9FCB0C98319}.Debug|Any CPU.ActiveCfg = Debug|Any CPU
		{F4C622D4-71FF-45E7-AB1A-B9FCB0C98319}.Debug|Any CPU.Build.0 = Debug|Any CPU
		{F4C622D4-71FF-45E7-AB1A-B9FCB0C98319}.Release|Any CPU.ActiveCfg = Release|Any CPU
		{F4C622D4-71FF-45E7-AB1A-B9FCB0C98319}.Release|Any CPU.Build.0 = Release|Any CPU
		{DFDFC21A-3035-449C-896B-0FA125B36312}.Debug|Any CPU.ActiveCfg = Debug|Any CPU
		{DFDFC21A-3035-449C-896B-0FA125B36312}.Debug|Any CPU.Build.0 = Debug|Any CPU
		{DFDFC21A-3035-449C-896B-0FA125B36312}.Release|Any CPU.ActiveCfg = Release|Any CPU
		{DFDFC21A-3035-449C-896B-0FA125B36312}.Release|Any CPU.Build.0 = Release|Any CPU
		{89804D88-A8A2-4792-9EAB-D5781953EF80}.Debug|Any CPU.ActiveCfg = Debug|Any CPU
		{89804D88-A8A2-4792-9EAB-D5781953EF80}.Debug|Any CPU.Build.0 = Debug|Any CPU
		{89804D88-A8A2-4792-9EAB-D5781953EF80}.Release|Any CPU.ActiveCfg = Release|Any CPU
		{89804D88-A8A2-4792-9EAB-D5781953EF80}.Release|Any CPU.Build.0 = Release|Any CPU
		{4970C651-F019-46E4-88ED-B544062DFAEE}.Debug|Any CPU.ActiveCfg = Debug|Any CPU
		{4970C651-F019-46E4-88ED-B544062DFAEE}.Debug|Any CPU.Build.0 = Debug|Any CPU
		{4970C651-F019-46E4-88ED-B544062DFAEE}.Release|Any CPU.ActiveCfg = Release|Any CPU
		{4970C651-F019-46E4-88ED-B544062DFAEE}.Release|Any CPU.Build.0 = Release|Any CPU
		{F1091905-1314-4469-8DD1-40AA12B7A88E}.Debug|Any CPU.ActiveCfg = Debug|Any CPU
		{F1091905-1314-4469-8DD1-40AA12B7A88E}.Debug|Any CPU.Build.0 = Debug|Any CPU
		{F1091905-1314-4469-8DD1-40AA12B7A88E}.Release|Any CPU.ActiveCfg = Release|Any CPU
		{F1091905-1314-4469-8DD1-40AA12B7A88E}.Release|Any CPU.Build.0 = Release|Any CPU
		{509F56B5-2ED5-4D75-8D5F-6A538E5C9ADF}.Debug|Any CPU.ActiveCfg = Debug|Any CPU
		{509F56B5-2ED5-4D75-8D5F-6A538E5C9ADF}.Debug|Any CPU.Build.0 = Debug|Any CPU
		{509F56B5-2ED5-4D75-8D5F-6A538E5C9ADF}.Release|Any CPU.ActiveCfg = Release|Any CPU
		{509F56B5-2ED5-4D75-8D5F-6A538E5C9ADF}.Release|Any CPU.Build.0 = Release|Any CPU
		{AD39DA57-6A0B-497F-B367-4798C641DB8F}.Debug|Any CPU.ActiveCfg = Debug|Any CPU
		{AD39DA57-6A0B-497F-B367-4798C641DB8F}.Debug|Any CPU.Build.0 = Debug|Any CPU
		{AD39DA57-6A0B-497F-B367-4798C641DB8F}.Release|Any CPU.ActiveCfg = Release|Any CPU
		{AD39DA57-6A0B-497F-B367-4798C641DB8F}.Release|Any CPU.Build.0 = Release|Any CPU
		{83697108-1B5B-4944-A8B6-710D33191077}.Debug|Any CPU.ActiveCfg = Debug|Any CPU
		{83697108-1B5B-4944-A8B6-710D33191077}.Debug|Any CPU.Build.0 = Debug|Any CPU
		{83697108-1B5B-4944-A8B6-710D33191077}.Release|Any CPU.ActiveCfg = Release|Any CPU
		{83697108-1B5B-4944-A8B6-710D33191077}.Release|Any CPU.Build.0 = Release|Any CPU
		{B744A7A0-63C6-4EE9-9510-5E471328293A}.Debug|Any CPU.ActiveCfg = Debug|Any CPU
		{B744A7A0-63C6-4EE9-9510-5E471328293A}.Debug|Any CPU.Build.0 = Debug|Any CPU
		{B744A7A0-63C6-4EE9-9510-5E471328293A}.Release|Any CPU.ActiveCfg = Release|Any CPU
		{B744A7A0-63C6-4EE9-9510-5E471328293A}.Release|Any CPU.Build.0 = Release|Any CPU
	EndGlobalSection
	GlobalSection(SolutionProperties) = preSolution
		HideSolutionNode = FALSE
	EndGlobalSection
	GlobalSection(NestedProjects) = preSolution
		{C8A79E40-0E60-4538-BDBC-235DCD02803A} = {B41A3944-F1D0-4A1D-A690-E055D891A6B2}
		{81080FBE-DDB3-4B19-B612-0912E8CAD39A} = {B41A3944-F1D0-4A1D-A690-E055D891A6B2}
		{4FC5178E-7F7A-45F6-AEF2-C60B93C43370} = {C8A79E40-0E60-4538-BDBC-235DCD02803A}
		{A22D4DEA-9420-45B8-95AC-F536DF085C1D} = {C8A79E40-0E60-4538-BDBC-235DCD02803A}
		{F61F0F79-F4CE-467A-9556-2162FDF8DEB7} = {C8A79E40-0E60-4538-BDBC-235DCD02803A}
		{E1FC4706-5008-4932-8F44-03E49B512AEA} = {C8A79E40-0E60-4538-BDBC-235DCD02803A}
		{636ECF44-3F1C-4969-942B-8DC6C56CCBA3} = {C8A79E40-0E60-4538-BDBC-235DCD02803A}
		{13E600E1-BA61-462C-90C4-5B582B3CC492} = {636ECF44-3F1C-4969-942B-8DC6C56CCBA3}
		{EE816516-D71C-4BB1-9A7A-7909CAA5A690} = {636ECF44-3F1C-4969-942B-8DC6C56CCBA3}
		{1701D36C-C290-4903-B0A4-074530CB4217} = {636ECF44-3F1C-4969-942B-8DC6C56CCBA3}
		{48500AEE-51A6-4FF9-80D7-E3AF2A2B4027} = {F61F0F79-F4CE-467A-9556-2162FDF8DEB7}
		{93004877-7C61-4E94-9203-D65EF0D6C4E2} = {F61F0F79-F4CE-467A-9556-2162FDF8DEB7}
		{F7AF4BD3-1142-4A4D-B9A3-7607BDAFC5AE} = {F61F0F79-F4CE-467A-9556-2162FDF8DEB7}
		{7C5ECEA0-6AC0-413D-BDA5-B080A39B24FC} = {F61F0F79-F4CE-467A-9556-2162FDF8DEB7}
		{EFFBBEC7-01A6-4569-A7CC-75E6175AE3EC} = {E1FC4706-5008-4932-8F44-03E49B512AEA}
		{E6B8E841-8813-4F1B-AE70-8BB5B949FBF5} = {E1FC4706-5008-4932-8F44-03E49B512AEA}
		{5552D2C4-A29A-463C-A060-F10B41C5409E} = {E1FC4706-5008-4932-8F44-03E49B512AEA}
		{48B273F4-7989-4903-B90A-DE6F9D029CC5} = {E1FC4706-5008-4932-8F44-03E49B512AEA}
		{3749F238-78C9-4387-9F45-9C3555156EF5} = {636ECF44-3F1C-4969-942B-8DC6C56CCBA3}
		{245701F4-B26E-478E-94D8-2426B97EED07} = {4FC5178E-7F7A-45F6-AEF2-C60B93C43370}
		{E8C941BD-7924-4FD5-9A27-9887D52D744D} = {4FC5178E-7F7A-45F6-AEF2-C60B93C43370}
		{D90A62E0-D8D9-4144-A72E-1DD977080946} = {4FC5178E-7F7A-45F6-AEF2-C60B93C43370}
		{D20D432B-D632-4FF4-8E0E-02432E7E60F0} = {A22D4DEA-9420-45B8-95AC-F536DF085C1D}
		{F4C622D4-71FF-45E7-AB1A-B9FCB0C98319} = {A22D4DEA-9420-45B8-95AC-F536DF085C1D}
		{DFDFC21A-3035-449C-896B-0FA125B36312} = {A22D4DEA-9420-45B8-95AC-F536DF085C1D}
		{89804D88-A8A2-4792-9EAB-D5781953EF80} = {81080FBE-DDB3-4B19-B612-0912E8CAD39A}
		{A513DA60-195E-4D70-8092-83F6E8839776} = {B41A3944-F1D0-4A1D-A690-E055D891A6B2}
		{4970C651-F019-46E4-88ED-B544062DFAEE} = {A513DA60-195E-4D70-8092-83F6E8839776}
		{F1091905-1314-4469-8DD1-40AA12B7A88E} = {E1FC4706-5008-4932-8F44-03E49B512AEA}
		{509F56B5-2ED5-4D75-8D5F-6A538E5C9ADF} = {636ECF44-3F1C-4969-942B-8DC6C56CCBA3}
		{AD39DA57-6A0B-497F-B367-4798C641DB8F} = {C8A79E40-0E60-4538-BDBC-235DCD02803A}
		{83697108-1B5B-4944-A8B6-710D33191077} = {C8A79E40-0E60-4538-BDBC-235DCD02803A}
		{B744A7A0-63C6-4EE9-9510-5E471328293A} = {C8A79E40-0E60-4538-BDBC-235DCD02803A}
	EndGlobalSection
	GlobalSection(ExtensibilityGlobals) = postSolution
		SolutionGuid = {DAC1EFB6-34F5-402C-9669-D087CB8E518D}
	EndGlobalSection
EndGlobal
