
Microsoft Visual Studio Solution File, Format Version 12.00
# Visual Studio Version 17
VisualStudioVersion = 17.12.35707.178
MinimumVisualStudioVersion = 10.0.40219.1
Project("{FAE04EC0-301F-11D3-BF4B-00C04F79EFBC}") = "AnalyzerConfigRule", "AnalyzerConfigRule.csproj", "{6F0B5CB9-2B11-42D4-BEC5-EA4543FB8F5E}"
EndProject
Project("{2150E333-8FDC-42A3-9474-1A3956D46DE8}") = "Solution Items", "Solution Items", "{AEFB9171-C067-4B31-8AF7-A0AD2AD1A98E}"
	ProjectSection(SolutionItems) = preProject
		.editorconfig = .editorconfig
		Directory.Build.props = Directory.Build.props
	EndProjectSection
EndProject
Global
	GlobalSection(SolutionConfigurationPlatforms) = preSolution
		Debug|Any CPU = Debug|Any CPU
		Release|Any CPU = Release|Any CPU
	EndGlobalSection
	GlobalSection(ProjectConfigurationPlatforms) = postSolution
		{6F0B5CB9-2B11-42D4-BEC5-EA4543FB8F5E}.Debug|Any CPU.ActiveCfg = Debug|Any CPU
		{6F0B5CB9-2B11-42D4-BEC5-EA4543FB8F5E}.Debug|Any CPU.Build.0 = Debug|Any CPU
		{6F0B5CB9-2B11-42D4-BEC5-EA4543FB8F5E}.Release|Any CPU.ActiveCfg = Release|Any CPU
		{6F0B5CB9-2B11-42D4-BEC5-EA4543FB8F5E}.Release|Any CPU.Build.0 = Release|Any CPU
	EndGlobalSection
	GlobalSection(SolutionProperties) = preSolution
		HideSolutionNode = FALSE
	EndGlobalSection
EndGlobal
